
Microsoft Visual Studio Solution File, Format Version 12.00
# Visual Studio Version 17
VisualStudioVersion = 17.1.32319.34
MinimumVisualStudioVersion = 10.0.40219.1
Project("{FAE04EC0-301F-11D3-BF4B-00C04F79EFBC}") = "AddressBook_Db", "AddressBook_Db\AddressBook_Db.csproj", "{A30DFC3B-749E-41B4-ABA2-885F5E318DF0}"
EndProject
Global
	GlobalSection(SolutionConfigurationPlatforms) = preSolution
		Debug|Any CPU = Debug|Any CPU
		Release|Any CPU = Release|Any CPU
	EndGlobalSection
	GlobalSection(ProjectConfigurationPlatforms) = postSolution
		{A30DFC3B-749E-41B4-ABA2-885F5E318DF0}.Debug|Any CPU.ActiveCfg = Debug|Any CPU
		{A30DFC3B-749E-41B4-ABA2-885F5E318DF0}.Debug|Any CPU.Build.0 = Debug|Any CPU
		{A30DFC3B-749E-41B4-ABA2-885F5E318DF0}.Release|Any CPU.ActiveCfg = Release|Any CPU
		{A30DFC3B-749E-41B4-ABA2-885F5E318DF0}.Release|Any CPU.Build.0 = Release|Any CPU
	EndGlobalSection
	GlobalSection(SolutionProperties) = preSolution
		HideSolutionNode = FALSE
	EndGlobalSection
	GlobalSection(ExtensibilityGlobals) = postSolution
		SolutionGuid = {AF27C802-8F0B-4001-94AC-7E027DF072F3}
	EndGlobalSection
EndGlobal
